// !$*UTF8*$!
{
	archiveVersion = 1;
	classes = {
	};
	objectVersion = 77;
	objects = {

/* Begin PBXBuildFile section */
		EF912A052F51A42600B92DCC /* FalClient in Frameworks */ = {isa = PBXBuildFile; productRef = EF912A042F51A42600B92DCC /* FalClient */; };
/* End PBXBuildFile section */

/* Begin PBXContainerItemProxy section */
		EFBBB1052F512ACA00603C67 /* PBXContainerItemProxy */ = {
			isa = PBXContainerItemProxy;
			containerPortal = EFBBB0EF2F512AC700603C67 /* Project object */;
			proxyType = 1;
			remoteGlobalIDString = EFBBB0F62F512AC700603C67;
			remoteInfo = storyworld;
		};
		EFBBB10F2F512ACA00603C67 /* PBXContainerItemProxy */ = {
			isa = PBXContainerItemProxy;
			containerPortal = EFBBB0EF2F512AC700603C67 /* Project object */;
			proxyType = 1;
			remoteGlobalIDString = EFBBB0F62F512AC700603C67;
			remoteInfo = storyworld;
		};
/* End PBXContainerItemProxy section */

/* Begin PBXFileReference section */
		EFBBB0F72F512AC700603C67 /* storyworld.app */ = {isa = PBXFileReference; explicitFileType = wrapper.application; includeInIndex = 0; path = storyworld.app; sourceTree = BUILT_PRODUCTS_DIR; };
		EFBBB1042F512ACA00603C67 /* storyworldTests.xctest */ = {isa = PBXFileReference; explicitFileType = wrapper.cfbundle; includeInIndex = 0; path = storyworldTests.xctest; sourceTree = BUILT_PRODUCTS_DIR; };
		EFBBB10E2F512ACA00603C67 /* storyworldUITests.xctest */ = {isa = PBXFileReference; explicitFileType = wrapper.cfbundle; includeInIndex = 0; path = storyworldUITests.xctest; sourceTree = BUILT_PRODUCTS_DIR; };
/* End PBXFileReference section */

/* Begin PBXFileSystemSynchronizedRootGroup section */
		EFBBB0F92F512AC700603C67 /* storyworld */ = {
			isa = PBXFileSystemSynchronizedRootGroup;
			path = storyworld;
			sourceTree = "<group>";
		};
		EFBBB1072F512ACA00603C67 /* storyworldTests */ = {
			isa = PBXFileSystemSynchronizedRootGroup;
			path = storyworldTests;
			sourceTree = "<group>";
		};
		EFBBB1112F512ACA00603C67 /* storyworldUITests */ = {
			isa = PBXFileSystemSynchronizedRootGroup;
			path = storyworldUITests;
			sourceTree = "<group>";
		};
/* End PBXFileSystemSynchronizedRootGroup section */

/* Begin PBXFrameworksBuildPhase section */
		EFBBB0F42F512AC700603C67 /* Frameworks */ = {
			isa = PBXFrameworksBuildPhase;
			buildActionMask = 2147483647;
			files = (
				EF912A052F51A42600B92DCC /* FalClient in Frameworks */,
			);
			runOnlyForDeploymentPostprocessing = 0;
		};
		EFBBB1012F512ACA00603C67 /* Frameworks */ = {
			isa = PBXFrameworksBuildPhase;
			buildActionMask = 2147483647;
			files = (
			);
			runOnlyForDeploymentPostprocessing = 0;
		};
		EFBBB10B2F512ACA00603C67 /* Frameworks */ = {
			isa = PBXFrameworksBuildPhase;
			buildActionMask = 2147483647;
			files = (
			);
			runOnlyForDeploymentPostprocessing = 0;
		};
/* End PBXFrameworksBuildPhase section */

/* Begin PBXGroup section */
		EFBBB0EE2F512AC700603C67 = {
			isa = PBXGroup;
			children = (
				EFBBB0F92F512AC700603C67 /* storyworld */,
				EFBBB1072F512ACA00603C67 /* storyworldTests */,
				EFBBB1112F512ACA00603C67 /* storyworldUITests */,
				EFBBB0F82F512AC700603C67 /* Products */,
			);
			sourceTree = "<group>";
		};
		EFBBB0F82F512AC700603C67 /* Products */ = {
			isa = PBXGroup;
			children = (
				EFBBB0F72F512AC700603C67 /* storyworld.app */,
				EFBBB1042F512ACA00603C67 /* storyworldTests.xctest */,
				EFBBB10E2F512ACA00603C67 /* storyworldUITests.xctest */,
			);
			name = Products;
			sourceTree = "<group>";
		};
/* End PBXGroup section */

/* Begin PBXNativeTarget section */
		EFBBB0F62F512AC700603C67 /* storyworld */ = {
			isa = PBXNativeTarget;
			buildConfigurationList = EFBBB1182F512ACA00603C67 /* Build configuration list for PBXNativeTarget "storyworld" */;
			buildPhases = (
				EFBBB0F32F512AC700603C67 /* Sources */,
				EFBBB0F42F512AC700603C67 /* Frameworks */,
				EFBBB0F52F512AC700603C67 /* Resources */,
			);
			buildRules = (
			);
			dependencies = (
			);
			fileSystemSynchronizedGroups = (
				EFBBB0F92F512AC700603C67 /* storyworld */,
			);
			name = storyworld;
			packageProductDependencies = (
				EF912A042F51A42600B92DCC /* FalClient */,
			);
			productName = storyworld;
			productReference = EFBBB0F72F512AC700603C67 /* storyworld.app */;
			productType = "com.apple.product-type.application";
		};
		EFBBB1032F512ACA00603C67 /* storyworldTests */ = {
			isa = PBXNativeTarget;
			buildConfigurationList = EFBBB11B2F512ACA00603C67 /* Build configuration list for PBXNativeTarget "storyworldTests" */;
			buildPhases = (
				EFBBB1002F512ACA00603C67 /* Sources */,
				EFBBB1012F512ACA00603C67 /* Frameworks */,
				EFBBB1022F512ACA00603C67 /* Resources */,
			);
			buildRules = (
			);
			dependencies = (
				EFBBB1062F512ACA00603C67 /* PBXTargetDependency */,
			);
			fileSystemSynchronizedGroups = (
				EFBBB1072F512ACA00603C67 /* storyworldTests */,
			);
			name = storyworldTests;
			packageProductDependencies = (
			);
			productName = storyworldTests;
			productReference = EFBBB1042F512ACA00603C67 /* storyworldTests.xctest */;
			productType = "com.apple.product-type.bundle.unit-test";
		};
		EFBBB10D2F512ACA00603C67 /* storyworldUITests */ = {
			isa = PBXNativeTarget;
			buildConfigurationList = EFBBB11E2F512ACA00603C67 /* Build configuration list for PBXNativeTarget "storyworldUITests" */;
			buildPhases = (
				EFBBB10A2F512ACA00603C67 /* Sources */,
				EFBBB10B2F512ACA00603C67 /* Frameworks */,
				EFBBB10C2F512ACA00603C67 /* Resources */,
			);
			buildRules = (
			);
			dependencies = (
				EFBBB1102F512ACA00603C67 /* PBXTargetDependency */,
			);
			fileSystemSynchronizedGroups = (
				EFBBB1112F512ACA00603C67 /* storyworldUITests */,
			);
			name = storyworldUITests;
			packageProductDependencies = (
			);
			productName = storyworldUITests;
			productReference = EFBBB10E2F512ACA00603C67 /* storyworldUITests.xctest */;
			productType = "com.apple.product-type.bundle.ui-testing";
		};
/* End PBXNativeTarget section */

/* Begin PBXProject section */
		EFBBB0EF2F512AC700603C67 /* Project object */ = {
			isa = PBXProject;
			attributes = {
				BuildIndependentTargetsInParallel = 1;
				LastSwiftUpdateCheck = 2620;
				LastUpgradeCheck = 2620;
				TargetAttributes = {
					EFBBB0F62F512AC700603C67 = {
						CreatedOnToolsVersion = 26.2;
					};
					EFBBB1032F512ACA00603C67 = {
						CreatedOnToolsVersion = 26.2;
						TestTargetID = EFBBB0F62F512AC700603C67;
					};
					EFBBB10D2F512ACA00603C67 = {
						CreatedOnToolsVersion = 26.2;
						TestTargetID = EFBBB0F62F512AC700603C67;
					};
				};
			};
			buildConfigurationList = EFBBB0F22F512AC700603C67 /* Build configuration list for PBXProject "storyworld" */;
			developmentRegion = en;
			hasScannedForEncodings = 0;
			knownRegions = (
				en,
				Base,
			);
			mainGroup = EFBBB0EE2F512AC700603C67;
			minimizedProjectReferenceProxies = 1;
			packageReferences = (
				EF912A032F51A42600B92DCC /* XCRemoteSwiftPackageReference "fal-swift" */,
			);
			preferredProjectObjectVersion = 77;
			productRefGroup = EFBBB0F82F512AC700603C67 /* Products */;
			projectDirPath = "";
			projectRoot = "";
			targets = (
				EFBBB0F62F512AC700603C67 /* storyworld */,
				EFBBB1032F512ACA00603C67 /* storyworldTests */,
				EFBBB10D2F512ACA00603C67 /* storyworldUITests */,
			);
		};
/* End PBXProject section */

/* Begin PBXResourcesBuildPhase section */
		EFBBB0F52F512AC700603C67 /* Resources */ = {
			isa = PBXResourcesBuildPhase;
			buildActionMask = 2147483647;
			files = (
			);
			runOnlyForDeploymentPostprocessing = 0;
		};
		EFBBB1022F512ACA00603C67 /* Resources */ = {
			isa = PBXResourcesBuildPhase;
			buildActionMask = 2147483647;
			files = (
			);
			runOnlyForDeploymentPostprocessing = 0;
		};
		EFBBB10C2F512ACA00603C67 /* Resources */ = {
			isa = PBXResourcesBuildPhase;
			buildActionMask = 2147483647;
			files = (
			);
			runOnlyForDeploymentPostprocessing = 0;
		};
/* End PBXResourcesBuildPhase section */

/* Begin PBXSourcesBuildPhase section */
		EFBBB0F32F512AC700603C67 /* Sources */ = {
			isa = PBXSourcesBuildPhase;
			buildActionMask = 2147483647;
			files = (
			);
			runOnlyForDeploymentPostprocessing = 0;
		};
		EFBBB1002F512ACA00603C67 /* Sources */ = {
			isa = PBXSourcesBuildPhase;
			buildActionMask = 2147483647;
			files = (
			);
			runOnlyForDeploymentPostprocessing = 0;
		};
		EFBBB10A2F512ACA00603C67 /* Sources */ = {
			isa = PBXSourcesBuildPhase;
			buildActionMask = 2147483647;
			files = (
			);
			runOnlyForDeploymentPostprocessing = 0;
		};
/* End PBXSourcesBuildPhase section */

/* Begin PBXTargetDependency section */
		EFBBB1062F512ACA00603C67 /* PBXTargetDependency */ = {
			isa = PBXTargetDependency;
			target = EFBBB0F62F512AC700603C67 /* storyworld */;
			targetProxy = EFBBB1052F512ACA00603C67 /* PBXContainerItemProxy */;
		};
		EFBBB1102F512ACA00603C67 /* PBXTargetDependency */ = {
			isa = PBXTargetDependency;
			target = EFBBB0F62F512AC700603C67 /* storyworld */;
			targetProxy = EFBBB10F2F512ACA00603C67 /* PBXContainerItemProxy */;
		};
/* End PBXTargetDependency section */

/* Begin XCBuildConfiguration section */
		EFBBB1162F512ACA00603C67 /* Debug */ = {
			isa = XCBuildConfiguration;
			buildSettings = {
				ALWAYS_SEARCH_USER_PATHS = NO;
				ASSETCATALOG_COMPILER_GENERATE_SWIFT_ASSET_SYMBOL_EXTENSIONS = YES;
				CLANG_ANALYZER_NONNULL = YES;
				CLANG_ANALYZER_NUMBER_OBJECT_CONVERSION = YES_AGGRESSIVE;
				CLANG_CXX_LANGUAGE_STANDARD = "gnu++20";
				CLANG_ENABLE_MODULES = YES;
				CLANG_ENABLE_OBJC_ARC = YES;
				CLANG_ENABLE_OBJC_WEAK = YES;
				CLANG_WARN_BLOCK_CAPTURE_AUTORELEASING = YES;
				CLANG_WARN_BOOL_CONVERSION = YES;
				CLANG_WARN_COMMA = YES;
				CLANG_WARN_CONSTANT_CONVERSION = YES;
				CLANG_WARN_DEPRECATED_OBJC_IMPLEMENTATIONS = YES;
				CLANG_WARN_DIRECT_OBJC_ISA_USAGE = YES_ERROR;
				CLANG_WARN_DOCUMENTATION_COMMENTS = YES;
				CLANG_WARN_EMPTY_BODY = YES;
				CLANG_WARN_ENUM_CONVERSION = YES;
				CLANG_WARN_INFINITE_RECURSION = YES;
				CLANG_WARN_INT_CONVERSION = YES;
				CLANG_WARN_NON_LITERAL_NULL_CONVERSION = YES;
				CLANG_WARN_OBJC_IMPLICIT_RETAIN_SELF = YES;
				CLANG_WARN_OBJC_LITERAL_CONVERSION = YES;
				CLANG_WARN_OBJC_ROOT_CLASS = YES_ERROR;
				CLANG_WARN_QUOTED_INCLUDE_IN_FRAMEWORK_HEADER = YES;
				CLANG_WARN_RANGE_LOOP_ANALYSIS = YES;
				CLANG_WARN_STRICT_PROTOTYPES = YES;
				CLANG_WARN_SUSPICIOUS_MOVE = YES;
				CLANG_WARN_UNGUARDED_AVAILABILITY = YES_AGGRESSIVE;
				CLANG_WARN_UNREACHABLE_CODE = YES;
				CLANG_WARN__DUPLICATE_METHOD_MATCH = YES;
				COPY_PHASE_STRIP = NO;
				DEBUG_INFORMATION_FORMAT = dwarf;
				ENABLE_STRICT_OBJC_MSGSEND = YES;
				ENABLE_TESTABILITY = YES;
				ENABLE_USER_SCRIPT_SANDBOXING = YES;
				GCC_C_LANGUAGE_STANDARD = gnu17;
				GCC_DYNAMIC_NO_PIC = NO;
				GCC_NO_COMMON_BLOCKS = YES;
				GCC_OPTIMIZATION_LEVEL = 0;
				GCC_PREPROCESSOR_DEFINITIONS = (
					"DEBUG=1",
					"$(inherited)",
				);
				GCC_WARN_64_TO_32_BIT_CONVERSION = YES;
				GCC_WARN_ABOUT_RETURN_TYPE = YES_ERROR;
				GCC_WARN_UNDECLARED_SELECTOR = YES;
				GCC_WARN_UNINITIALIZED_AUTOS = YES_AGGRESSIVE;
				GCC_WARN_UNUSED_FUNCTION = YES;
				GCC_WARN_UNUSED_VARIABLE = YES;
				IPHONEOS_DEPLOYMENT_TARGET = 26.2;
				LOCALIZATION_PREFERS_STRING_CATALOGS = YES;
				MTL_ENABLE_DEBUG_INFO = INCLUDE_SOURCE;
				MTL_FAST_MATH = YES;
				ONLY_ACTIVE_ARCH = YES;
				SDKROOT = iphoneos;
				SWIFT_ACTIVE_COMPILATION_CONDITIONS = "DEBUG $(inherited)";
				SWIFT_OPTIMIZATION_LEVEL = "-Onone";
			};
			name = Debug;
		};
		EFBBB1172F512ACA00603C67 /* Release */ = {
			isa = XCBuildConfiguration;
			buildSettings = {
				ALWAYS_SEARCH_USER_PATHS = NO;
				ASSETCATALOG_COMPILER_GENERATE_SWIFT_ASSET_SYMBOL_EXTENSIONS = YES;
				CLANG_ANALYZER_NONNULL = YES;
				CLANG_ANALYZER_NUMBER_OBJECT_CONVERSION = YES_AGGRESSIVE;
				CLANG_CXX_LANGUAGE_STANDARD = "gnu++20";
				CLANG_ENABLE_MODULES = YES;
				CLANG_ENABLE_OBJC_ARC = YES;
				CLANG_ENABLE_OBJC_WEAK = YES;
				CLANG_WARN_BLOCK_CAPTURE_AUTORELEASING = YES;
				CLANG_WARN_BOOL_CONVERSION = YES;
				CLANG_WARN_COMMA = YES;
				CLANG_WARN_CONSTANT_CONVERSION = YES;
				CLANG_WARN_DEPRECATED_OBJC_IMPLEMENTATIONS = YES;
				CLANG_WARN_DIRECT_OBJC_ISA_USAGE = YES_ERROR;
				CLANG_WARN_DOCUMENTATION_COMMENTS = YES;
				CLANG_WARN_EMPTY_BODY = YES;
				CLANG_WARN_ENUM_CONVERSION = YES;
				CLANG_WARN_INFINITE_RECURSION = YES;
				CLANG_WARN_INT_CONVERSION = YES;
				CLANG_WARN_NON_LITERAL_NULL_CONVERSION = YES;
				CLANG_WARN_OBJC_IMPLICIT_RETAIN_SELF = YES;
				CLANG_WARN_OBJC_LITERAL_CONVERSION = YES;
				CLANG_WARN_OBJC_ROOT_CLASS = YES_ERROR;
				CLANG_WARN_QUOTED_INCLUDE_IN_FRAMEWORK_HEADER = YES;
				CLANG_WARN_RANGE_LOOP_ANALYSIS = YES;
				CLANG_WARN_STRICT_PROTOTYPES = YES;
				CLANG_WARN_SUSPICIOUS_MOVE = YES;
				CLANG_WARN_UNGUARDED_AVAILABILITY = YES_AGGRESSIVE;
				CLANG_WARN_UNREACHABLE_CODE = YES;
				CLANG_WARN__DUPLICATE_METHOD_MATCH = YES;
				COPY_PHASE_STRIP = NO;
				DEBUG_INFORMATION_FORMAT = "dwarf-with-dsym";
				ENABLE_NS_ASSERTIONS = NO;
				ENABLE_STRICT_OBJC_MSGSEND = YES;
				ENABLE_USER_SCRIPT_SANDBOXING = YES;
				GCC_C_LANGUAGE_STANDARD = gnu17;
				GCC_NO_COMMON_BLOCKS = YES;
				GCC_WARN_64_TO_32_BIT_CONVERSION = YES;
				GCC_WARN_ABOUT_RETURN_TYPE = YES_ERROR;
				GCC_WARN_UNDECLARED_SELECTOR = YES;
				GCC_WARN_UNINITIALIZED_AUTOS = YES_AGGRESSIVE;
				GCC_WARN_UNUSED_FUNCTION = YES;
				GCC_WARN_UNUSED_VARIABLE = YES;
				IPHONEOS_DEPLOYMENT_TARGET = 26.2;
				LOCALIZATION_PREFERS_STRING_CATALOGS = YES;
				MTL_ENABLE_DEBUG_INFO = NO;
				MTL_FAST_MATH = YES;
				SDKROOT = iphoneos;
				SWIFT_COMPILATION_MODE = wholemodule;
				VALIDATE_PRODUCT = YES;
			};
			name = Release;
		};
		EFBBB1192F512ACA00603C67 /* Debug */ = {
			isa = XCBuildConfiguration;
			buildSettings = {
				ASSETCATALOG_COMPILER_APPICON_NAME = AppIcon;
				ASSETCATALOG_COMPILER_GLOBAL_ACCENT_COLOR_NAME = AccentColor;
				CODE_SIGN_STYLE = Automatic;
				CURRENT_PROJECT_VERSION = 1;
				DEVELOPMENT_TEAM = M55V7CQ5J7;
				ENABLE_PREVIEWS = YES;
				GENERATE_INFOPLIST_FILE = YES;
				INFOPLIST_KEY_NSCameraUsageDescription = "StoryWorld needs camera access to capture photos of people and for AR experiences.";
				INFOPLIST_KEY_NSMicrophoneUsageDescription = "StoryWorld needs microphone access for voice commands to direct scenes.";
				INFOPLIST_KEY_NSPhotoLibraryUsageDescription = "StoryWorld needs photo library access to save generated videos.";
				INFOPLIST_KEY_UIApplicationSceneManifest_Generation = YES;
				INFOPLIST_KEY_UIApplicationSupportsIndirectInputEvents = YES;
				INFOPLIST_KEY_UILaunchScreen_Generation = YES;
				INFOPLIST_KEY_UISupportedInterfaceOrientations_iPad = "UIInterfaceOrientationPortrait UIInterfaceOrientationPortraitUpsideDown UIInterfaceOrientationLandscapeLeft UIInterfaceOrientationLandscapeRight";
				INFOPLIST_KEY_UISupportedInterfaceOrientations_iPhone = "UIInterfaceOrientationPortrait UIInterfaceOrientationLandscapeLeft UIInterfaceOrientationLandscapeRight";
				LD_RUNPATH_SEARCH_PATHS = (
					"$(inherited)",
					"@executable_path/Frameworks",
				);
				MARKETING_VERSION = 1.0;
				PRODUCT_BUNDLE_IDENTIFIER = varick.storyworld;
				PRODUCT_NAME = "$(TARGET_NAME)";
				STRING_CATALOG_GENERATE_SYMBOLS = YES;
				SWIFT_APPROACHABLE_CONCURRENCY = YES;
				SWIFT_DEFAULT_ACTOR_ISOLATION = MainActor;
				SWIFT_EMIT_LOC_STRINGS = YES;
				SWIFT_UPCOMING_FEATURE_MEMBER_IMPORT_VISIBILITY = YES;
				SWIFT_VERSION = 5.0;
				TARGETED_DEVICE_FAMILY = "1,2";
			};
			name = Debug;
		};
		EFBBB11A2F512ACA00603C67 /* Release */ = {
			isa = XCBuildConfiguration;
			buildSettings = {
				ASSETCATALOG_COMPILER_APPICON_NAME = AppIcon;
				ASSETCATALOG_COMPILER_GLOBAL_ACCENT_COLOR_NAME = AccentColor;
				CODE_SIGN_STYLE = Automatic;
				CURRENT_PROJECT_VERSION = 1;
				DEVELOPMENT_TEAM = M55V7CQ5J7;
				ENABLE_PREVIEWS = YES;
				GENERATE_INFOPLIST_FILE = YES;
				INFOPLIST_KEY_NSCameraUsageDescription = "StoryWorld needs camera access to capture photos of people and for AR experiences.";
				INFOPLIST_KEY_NSMicrophoneUsageDescription = "StoryWorld needs microphone access for voice commands to direct scenes.";
				INFOPLIST_KEY_NSPhotoLibraryUsageDescription = "StoryWorld needs photo library access to save generated videos.";
				INFOPLIST_KEY_UIApplicationSceneManifest_Generation = YES;
				INFOPLIST_KEY_UIApplicationSupportsIndirectInputEvents = YES;
				INFOPLIST_KEY_UILaunchScreen_Generation = YES;
				INFOPLIST_KEY_UISupportedInterfaceOrientations_iPad = "UIInterfaceOrientationPortrait UIInterfaceOrientationPortraitUpsideDown UIInterfaceOrientationLandscapeLeft UIInterfaceOrientationLandscapeRight";
				INFOPLIST_KEY_UISupportedInterfaceOrientations_iPhone = "UIInterfaceOrientationPortrait UIInterfaceOrientationLandscapeLeft UIInterfaceOrientationLandscapeRight";
				LD_RUNPATH_SEARCH_PATHS = (
					"$(inherited)",
					"@executable_path/Frameworks",
				);
				MARKETING_VERSION = 1.0;
				PRODUCT_BUNDLE_IDENTIFIER = varick.storyworld;
				PRODUCT_NAME = "$(TARGET_NAME)";
				STRING_CATALOG_GENERATE_SYMBOLS = YES;
				SWIFT_APPROACHABLE_CONCURRENCY = YES;
				SWIFT_DEFAULT_ACTOR_ISOLATION = MainActor;
				SWIFT_EMIT_LOC_STRINGS = YES;
				SWIFT_UPCOMING_FEATURE_MEMBER_IMPORT_VISIBILITY = YES;
				SWIFT_VERSION = 5.0;
				TARGETED_DEVICE_FAMILY = "1,2";
			};
			name = Release;
		};
		EFBBB11C2F512ACA00603C67 /* Debug */ = {
			isa = XCBuildConfiguration;
			buildSettings = {
				BUNDLE_LOADER = "$(TEST_HOST)";
				CODE_SIGN_STYLE = Automatic;
				CURRENT_PROJECT_VERSION = 1;
				GENERATE_INFOPLIST_FILE = YES;
				IPHONEOS_DEPLOYMENT_TARGET = 26.2;
				MARKETING_VERSION = 1.0;
				PRODUCT_BUNDLE_IDENTIFIER = varick.storyworldTests;
				PRODUCT_NAME = "$(TARGET_NAME)";
				STRING_CATALOG_GENERATE_SYMBOLS = NO;
				SWIFT_APPROACHABLE_CONCURRENCY = YES;
				SWIFT_EMIT_LOC_STRINGS = NO;
				SWIFT_UPCOMING_FEATURE_MEMBER_IMPORT_VISIBILITY = YES;
				SWIFT_VERSION = 5.0;
				TARGETED_DEVICE_FAMILY = "1,2";
				TEST_HOST = "$(BUILT_PRODUCTS_DIR)/storyworld.app/$(BUNDLE_EXECUTABLE_FOLDER_PATH)/storyworld";
			};
			name = Debug;
		};
		EFBBB11D2F512ACA00603C67 /* Release */ = {
			isa = XCBuildConfiguration;
			buildSettings = {
				BUNDLE_LOADER = "$(TEST_HOST)";
				CODE_SIGN_STYLE = Automatic;
				CURRENT_PROJECT_VERSION = 1;
				GENERATE_INFOPLIST_FILE = YES;
				IPHONEOS_DEPLOYMENT_TARGET = 26.2;
				MARKETING_VERSION = 1.0;
				PRODUCT_BUNDLE_IDENTIFIER = varick.storyworldTests;
				PRODUCT_NAME = "$(TARGET_NAME)";
				STRING_CATALOG_GENERATE_SYMBOLS = NO;
				SWIFT_APPROACHABLE_CONCURRENCY = YES;
				SWIFT_EMIT_LOC_STRINGS = NO;
				SWIFT_UPCOMING_FEATURE_MEMBER_IMPORT_VISIBILITY = YES;
				SWIFT_VERSION = 5.0;
				TARGETED_DEVICE_FAMILY = "1,2";
				TEST_HOST = "$(BUILT_PRODUCTS_DIR)/storyworld.app/$(BUNDLE_EXECUTABLE_FOLDER_PATH)/storyworld";
			};
			name = Release;
		};
		EFBBB11F2F512ACA00603C67 /* Debug */ = {
			isa = XCBuildConfiguration;
			buildSettings = {
				CODE_SIGN_STYLE = Automatic;
				CURRENT_PROJECT_VERSION = 1;
				GENERATE_INFOPLIST_FILE = YES;
				MARKETING_VERSION = 1.0;
				PRODUCT_BUNDLE_IDENTIFIER = varick.storyworldUITests;
				PRODUCT_NAME = "$(TARGET_NAME)";
				STRING_CATALOG_GENERATE_SYMBOLS = NO;
				SWIFT_APPROACHABLE_CONCURRENCY = YES;
				SWIFT_EMIT_LOC_STRINGS = NO;
				SWIFT_UPCOMING_FEATURE_MEMBER_IMPORT_VISIBILITY = YES;
				SWIFT_VERSION = 5.0;
				TARGETED_DEVICE_FAMILY = "1,2";
				TEST_TARGET_NAME = storyworld;
			};
			name = Debug;
		};
		EFBBB1202F512ACA00603C67 /* Release */ = {
			isa = XCBuildConfiguration;
			buildSettings = {
				CODE_SIGN_STYLE = Automatic;
				CURRENT_PROJECT_VERSION = 1;
				GENERATE_INFOPLIST_FILE = YES;
				MARKETING_VERSION = 1.0;
				PRODUCT_BUNDLE_IDENTIFIER = varick.storyworldUITests;
				PRODUCT_NAME = "$(TARGET_NAME)";
				STRING_CATALOG_GENERATE_SYMBOLS = NO;
				SWIFT_APPROACHABLE_CONCURRENCY = YES;
				SWIFT_EMIT_LOC_STRINGS = NO;
				SWIFT_UPCOMING_FEATURE_MEMBER_IMPORT_VISIBILITY = YES;
				SWIFT_VERSION = 5.0;
				TARGETED_DEVICE_FAMILY = "1,2";
				TEST_TARGET_NAME = storyworld;
			};
			name = Release;
		};
/* End XCBuildConfiguration section */

/* Begin XCConfigurationList section */
		EFBBB0F22F512AC700603C67 /* Build configuration list for PBXProject "storyworld" */ = {
			isa = XCConfigurationList;
			buildConfigurations = (
				EFBBB1162F512ACA00603C67 /* Debug */,
				EFBBB1172F512ACA00603C67 /* Release */,
			);
			defaultConfigurationIsVisible = 0;
			defaultConfigurationName = Release;
		};
		EFBBB1182F512ACA00603C67 /* Build configuration list for PBXNativeTarget "storyworld" */ = {
			isa = XCConfigurationList;
			buildConfigurations = (
				EFBBB1192F512ACA00603C67 /* Debug */,
				EFBBB11A2F512ACA00603C67 /* Release */,
			);
			defaultConfigurationIsVisible = 0;
			defaultConfigurationName = Release;
		};
		EFBBB11B2F512ACA00603C67 /* Build configuration list for PBXNativeTarget "storyworldTests" */ = {
			isa = XCConfigurationList;
			buildConfigurations = (
				EFBBB11C2F512ACA00603C67 /* Debug */,
				EFBBB11D2F512ACA00603C67 /* Release */,
			);
			defaultConfigurationIsVisible = 0;
			defaultConfigurationName = Release;
		};
		EFBBB11E2F512ACA00603C67 /* Build configuration list for PBXNativeTarget "storyworldUITests" */ = {
			isa = XCConfigurationList;
			buildConfigurations = (
				EFBBB11F2F512ACA00603C67 /* Debug */,
				EFBBB1202F512ACA00603C67 /* Release */,
			);
			defaultConfigurationIsVisible = 0;
			defaultConfigurationName = Release;
		};
/* End XCConfigurationList section */

/* Begin XCRemoteSwiftPackageReference section */
		EF912A032F51A42600B92DCC /* XCRemoteSwiftPackageReference "fal-swift" */ = {
			isa = XCRemoteSwiftPackageReference;
			repositoryURL = "https://github.com/fal-ai/fal-swift.git";
			requirement = {
				kind = upToNextMajorVersion;
				minimumVersion = 0.5.6;
			};
		};
/* End XCRemoteSwiftPackageReference section */

/* Begin XCSwiftPackageProductDependency section */
		EF912A042F51A42600B92DCC /* FalClient */ = {
			isa = XCSwiftPackageProductDependency;
			package = EF912A032F51A42600B92DCC /* XCRemoteSwiftPackageReference "fal-swift" */;
			productName = FalClient;
		};
/* End XCSwiftPackageProductDependency section */
	};
	rootObject = EFBBB0EF2F512AC700603C67 /* Project object */;
}
